
Microsoft Visual Studio Solution File, Format Version 12.00
# Visual Studio Version 16
VisualStudioVersion = 16.0.808.4
MinimumVisualStudioVersion = 10.0.40219.1
Project("{FAE04EC0-301F-11D3-BF4B-00C04F79EFBC}") = "NovoPGs", "NovoPGs.csproj", "{73998E1F-5914-4304-AD6D-E0D854E03ECF}"
EndProject
Global
	GlobalSection(SolutionConfigurationPlatforms) = preSolution
		Debug|anycpu = Debug|anycpu
		Release|anycpu = Release|anycpu
	EndGlobalSection
	GlobalSection(ProjectConfigurationPlatforms) = postSolution
		{73998E1F-5914-4304-AD6D-E0D854E03ECF}.Debug|anycpu.ActiveCfg = Debug|anycpu
		{73998E1F-5914-4304-AD6D-E0D854E03ECF}.Debug|anycpu.Build.0 = Debug|anycpu
		{73998E1F-5914-4304-AD6D-E0D854E03ECF}.Release|anycpu.ActiveCfg = Release|anycpu
		{73998E1F-5914-4304-AD6D-E0D854E03ECF}.Release|anycpu.Build.0 = Release|anycpu
	EndGlobalSection
	GlobalSection(SolutionProperties) = preSolution
		HideSolutionNode = FALSE
	EndGlobalSection
	GlobalSection(ExtensibilityGlobals) = postSolution
		SolutionGuid = {62BFF70F-A27D-42F3-B691-30CE48EEDADC}
	EndGlobalSection
EndGlobal
